// !$*UTF8*$!
{
	archiveVersion = 1;
	classes = {
	};
	objectVersion = 46;
	objects = {

/* Begin PBXBuildFile section */
		15104D0F1C926B900037FFBD /* main.m in Sources */ = {isa = PBXBuildFile; fileRef = 15104D0E1C926B900037FFBD /* main.m */; };
		15104D121C926B900037FFBD /* AppDelegate.m in Sources */ = {isa = PBXBuildFile; fileRef = 15104D111C926B900037FFBD /* AppDelegate.m */; };
		15104D151C926B900037FFBD /* ViewController.m in Sources */ = {isa = PBXBuildFile; fileRef = 15104D141C926B900037FFBD /* ViewController.m */; };
		15104D1A1C926B900037FFBD /* Assets.xcassets in Resources */ = {isa = PBXBuildFile; fileRef = 15104D191C926B900037FFBD /* Assets.xcassets */; };
		15104D281C926B900037FFBD /* StarleaksDemoIOsTests.m in Sources */ = {isa = PBXBuildFile; fileRef = 15104D271C926B900037FFBD /* StarleaksDemoIOsTests.m */; };
		C8F5DC4C1D325A13004971C0 /* LaunchView.xib in Resources */ = {isa = PBXBuildFile; fileRef = C8F5DC4B1D325A13004971C0 /* LaunchView.xib */; };
		C8F5DC4E1D325A26004971C0 /* MainView.xib in Resources */ = {isa = PBXBuildFile; fileRef = C8F5DC4D1D325A26004971C0 /* MainView.xib */; };
/* End PBXBuildFile section */

/* Begin PBXContainerItemProxy section */
		15104D241C926B900037FFBD /* PBXContainerItemProxy */ = {
			isa = PBXContainerItemProxy;
			containerPortal = 15104D021C926B900037FFBD /* Project object */;
			proxyType = 1;
			remoteGlobalIDString = 15104D091C926B900037FFBD;
			remoteInfo = StarleaksDemoIOs;
		};
		15104D2F1C926B900037FFBD /* PBXContainerItemProxy */ = {
			isa = PBXContainerItemProxy;
			containerPortal = 15104D021C926B900037FFBD /* Project object */;
			proxyType = 1;
			remoteGlobalIDString = 15104D091C926B900037FFBD;
			remoteInfo = StarleaksDemoIOs;
		};
/* End PBXContainerItemProxy section */

/* Begin PBXFileReference section */
		15104D0A1C926B900037FFBD /* Order.app */ = {isa = PBXFileReference; explicitFileType = wrapper.application; includeInIndex = 0; path = Order.app; sourceTree = BUILT_PRODUCTS_DIR; };
		15104D0E1C926B900037FFBD /* main.m */ = {isa = PBXFileReference; lastKnownFileType = sourcecode.c.objc; path = main.m; sourceTree = "<group>"; };
		15104D101C926B900037FFBD /* AppDelegate.h */ = {isa = PBXFileReference; lastKnownFileType = sourcecode.c.h; path = AppDelegate.h; sourceTree = "<group>"; };
		15104D111C926B900037FFBD /* AppDelegate.m */ = {isa = PBXFileReference; lastKnownFileType = sourcecode.c.objc; path = AppDelegate.m; sourceTree = "<group>"; };
		15104D131C926B900037FFBD /* ViewController.h */ = {isa = PBXFileReference; lastKnownFileType = sourcecode.c.h; path = ViewController.h; sourceTree = "<group>"; };
		15104D141C926B900037FFBD /* ViewController.m */ = {isa = PBXFileReference; lastKnownFileType = sourcecode.c.objc; path = ViewController.m; sourceTree = "<group>"; };
		15104D191C926B900037FFBD /* Assets.xcassets */ = {isa = PBXFileReference; lastKnownFileType = folder.assetcatalog; path = Assets.xcassets; sourceTree = "<group>"; };
		15104D1E1C926B900037FFBD /* Info.plist */ = {isa = PBXFileReference; lastKnownFileType = text.plist.xml; path = Info.plist; sourceTree = "<group>"; };
		15104D231C926B900037FFBD /* Order.xctest */ = {isa = PBXFileReference; explicitFileType = wrapper.cfbundle; includeInIndex = 0; path = Order.xctest; sourceTree = BUILT_PRODUCTS_DIR; };
		15104D271C926B900037FFBD /* StarleaksDemoIOsTests.m */ = {isa = PBXFileReference; lastKnownFileType = sourcecode.c.objc; path = StarleaksDemoIOsTests.m; sourceTree = "<group>"; };
		15104D291C926B900037FFBD /* Info.plist */ = {isa = PBXFileReference; lastKnownFileType = text.plist.xml; path = Info.plist; sourceTree = "<group>"; };
		15104D2E1C926B900037FFBD /* Order.xctest */ = {isa = PBXFileReference; explicitFileType = wrapper.cfbundle; includeInIndex = 0; path = Order.xctest; sourceTree = BUILT_PRODUCTS_DIR; };
		C8F5DC4B1D325A13004971C0 /* LaunchView.xib */ = {isa = PBXFileReference; fileEncoding = 4; lastKnownFileType = file.xib; path = LaunchView.xib; sourceTree = "<group>"; };
		C8F5DC4D1D325A26004971C0 /* MainView.xib */ = {isa = PBXFileReference; fileEncoding = 4; lastKnownFileType = file.xib; path = MainView.xib; sourceTree = "<group>"; };
/* End PBXFileReference section */

/* Begin PBXFrameworksBuildPhase section */
		15104D071C926B900037FFBD /* Frameworks */ = {
			isa = PBXFrameworksBuildPhase;
			buildActionMask = 2147483647;
			files = (
			);
			runOnlyForDeploymentPostprocessing = 0;
		};
		15104D201C926B900037FFBD /* Frameworks */ = {
			isa = PBXFrameworksBuildPhase;
			buildActionMask = 2147483647;
			files = (
			);
			runOnlyForDeploymentPostprocessing = 0;
		};
		15104D2B1C926B900037FFBD /* Frameworks */ = {
			isa = PBXFrameworksBuildPhase;
			buildActionMask = 2147483647;
			files = (
			);
			runOnlyForDeploymentPostprocessing = 0;
		};
/* End PBXFrameworksBuildPhase section */

/* Begin PBXGroup section */
		15104D011C926B900037FFBD = {
			isa = PBXGroup;
			children = (
				15104D0C1C926B900037FFBD /* Order */,
				15104D261C926B900037FFBD /* OrderTests */,
				15104D0B1C926B900037FFBD /* Products */,
			);
			sourceTree = "<group>";
		};
		15104D0B1C926B900037FFBD /* Products */ = {
			isa = PBXGroup;
			children = (
				15104D0A1C926B900037FFBD /* Order.app */,
				15104D231C926B900037FFBD /* Order.xctest */,
				15104D2E1C926B900037FFBD /* Order.xctest */,
			);
			name = Products;
			sourceTree = "<group>";
		};
		15104D0C1C926B900037FFBD /* Order */ = {
			isa = PBXGroup;
			children = (
				15104D101C926B900037FFBD /* AppDelegate.h */,
				15104D111C926B900037FFBD /* AppDelegate.m */,
				15104D131C926B900037FFBD /* ViewController.h */,
				15104D141C926B900037FFBD /* ViewController.m */,
				C8F5DC4B1D325A13004971C0 /* LaunchView.xib */,
				C8F5DC4D1D325A26004971C0 /* MainView.xib */,
				15104D191C926B900037FFBD /* Assets.xcassets */,
				15104D1E1C926B900037FFBD /* Info.plist */,
				15104D0D1C926B900037FFBD /* Supporting Files */,
			);
			path = Order;
			sourceTree = "<group>";
		};
		15104D0D1C926B900037FFBD /* Supporting Files */ = {
			isa = PBXGroup;
			children = (
				15104D0E1C926B900037FFBD /* main.m */,
			);
			name = "Supporting Files";
			sourceTree = "<group>";
		};
		15104D261C926B900037FFBD /* OrderTests */ = {
			isa = PBXGroup;
			children = (
				15104D271C926B900037FFBD /* StarleaksDemoIOsTests.m */,
				15104D291C926B900037FFBD /* Info.plist */,
			);
			path = OrderTests;
			sourceTree = "<group>";
		};
/* End PBXGroup section */

/* Begin PBXNativeTarget section */
		15104D091C926B900037FFBD /* Order */ = {
			isa = PBXNativeTarget;
			buildConfigurationList = 15104D371C926B900037FFBD /* Build configuration list for PBXNativeTarget "Order" */;
			buildPhases = (
				15104D061C926B900037FFBD /* Sources */,
				15104D071C926B900037FFBD /* Frameworks */,
				15104D081C926B900037FFBD /* Resources */,
			);
			buildRules = (
			);
			dependencies = (
			);
			name = Order;
			productName = StarleaksDemoIOs;
			productReference = 15104D0A1C926B900037FFBD /* Order.app */;
			productType = "com.apple.product-type.application";
		};
		15104D221C926B900037FFBD /* OrderTests */ = {
			isa = PBXNativeTarget;
			buildConfigurationList = 15104D3A1C926B900037FFBD /* Build configuration list for PBXNativeTarget "OrderTests" */;
			buildPhases = (
				15104D1F1C926B900037FFBD /* Sources */,
				15104D201C926B900037FFBD /* Frameworks */,
				15104D211C926B900037FFBD /* Resources */,
			);
			buildRules = (
			);
			dependencies = (
				15104D251C926B900037FFBD /* PBXTargetDependency */,
			);
			name = OrderTests;
			productName = StarleaksDemoIOsTests;
			productReference = 15104D231C926B900037FFBD /* Order.xctest */;
			productType = "com.apple.product-type.bundle.unit-test";
		};
		15104D2D1C926B900037FFBD /* OrderUITests */ = {
			isa = PBXNativeTarget;
			buildConfigurationList = 15104D3D1C926B900037FFBD /* Build configuration list for PBXNativeTarget "OrderUITests" */;
			buildPhases = (
				15104D2A1C926B900037FFBD /* Sources */,
				15104D2B1C926B900037FFBD /* Frameworks */,
				15104D2C1C926B900037FFBD /* Resources */,
			);
			buildRules = (
			);
			dependencies = (
				15104D301C926B900037FFBD /* PBXTargetDependency */,
			);
			name = OrderUITests;
			productName = StarleaksDemoIOsUITests;
			productReference = 15104D2E1C926B900037FFBD /* Order.xctest */;
			productType = "com.apple.product-type.bundle.ui-testing";
		};
/* End PBXNativeTarget section */

/* Begin PBXProject section */
		15104D021C926B900037FFBD /* Project object */ = {
			isa = PBXProject;
			attributes = {
				LastUpgradeCheck = 0720;
				ORGANIZATIONNAME = com.starleaks;
				TargetAttributes = {
					15104D091C926B900037FFBD = {
						CreatedOnToolsVersion = 7.2.1;
					};
					15104D221C926B900037FFBD = {
						CreatedOnToolsVersion = 7.2.1;
						TestTargetID = 15104D091C926B900037FFBD;
					};
					15104D2D1C926B900037FFBD = {
						CreatedOnToolsVersion = 7.2.1;
						TestTargetID = 15104D091C926B900037FFBD;
					};
				};
			};
			buildConfigurationList = 15104D051C926B900037FFBD /* Build configuration list for PBXProject "Order" */;
			compatibilityVersion = "Xcode 3.2";
			developmentRegion = English;
			hasScannedForEncodings = 0;
			knownRegions = (
				en,
				Base,
			);
			mainGroup = 15104D011C926B900037FFBD;
			productRefGroup = 15104D0B1C926B900037FFBD /* Products */;
			projectDirPath = "";
			projectRoot = "";
			targets = (
				15104D091C926B900037FFBD /* Order */,
				15104D221C926B900037FFBD /* OrderTests */,
				15104D2D1C926B900037FFBD /* OrderUITests */,
			);
		};
/* End PBXProject section */

/* Begin PBXResourcesBuildPhase section */
		15104D081C926B900037FFBD /* Resources */ = {
			isa = PBXResourcesBuildPhase;
			buildActionMask = 2147483647;
			files = (
				C8F5DC4E1D325A26004971C0 /* MainView.xib in Resources */,
				15104D1A1C926B900037FFBD /* Assets.xcassets in Resources */,
				C8F5DC4C1D325A13004971C0 /* LaunchView.xib in Resources */,
			);
			runOnlyForDeploymentPostprocessing = 0;
		};
		15104D211C926B900037FFBD /* Resources */ = {
			isa = PBXResourcesBuildPhase;
			buildActionMask = 2147483647;
			files = (
			);
			runOnlyForDeploymentPostprocessing = 0;
		};
		15104D2C1C926B900037FFBD /* Resources */ = {
			isa = PBXResourcesBuildPhase;
			buildActionMask = 2147483647;
			files = (
			);
			runOnlyForDeploymentPostprocessing = 0;
		};
/* End PBXResourcesBuildPhase section */

/* Begin PBXSourcesBuildPhase section */
		15104D061C926B900037FFBD /* Sources */ = {
			isa = PBXSourcesBuildPhase;
			buildActionMask = 2147483647;
			files = (
				15104D151C926B900037FFBD /* ViewController.m in Sources */,
				15104D121C926B900037FFBD /* AppDelegate.m in Sources */,
				15104D0F1C926B900037FFBD /* main.m in Sources */,
			);
			runOnlyForDeploymentPostprocessing = 0;
		};
		15104D1F1C926B900037FFBD /* Sources */ = {
			isa = PBXSourcesBuildPhase;
			buildActionMask = 2147483647;
			files = (
				15104D281C926B900037FFBD /* StarleaksDemoIOsTests.m in Sources */,
			);
			runOnlyForDeploymentPostprocessing = 0;
		};
		15104D2A1C926B900037FFBD /* Sources */ = {
			isa = PBXSourcesBuildPhase;
			buildActionMask = 2147483647;
			files = (
			);
			runOnlyForDeploymentPostprocessing = 0;
		};
/* End PBXSourcesBuildPhase section */

/* Begin PBXTargetDependency section */
		15104D251C926B900037FFBD /* PBXTargetDependency */ = {
			isa = PBXTargetDependency;
			target = 15104D091C926B900037FFBD /* Order */;
			targetProxy = 15104D241C926B900037FFBD /* PBXContainerItemProxy */;
		};
		15104D301C926B900037FFBD /* PBXTargetDependency */ = {
			isa = PBXTargetDependency;
			target = 15104D091C926B900037FFBD /* Order */;
			targetProxy = 15104D2F1C926B900037FFBD /* PBXContainerItemProxy */;
		};
/* End PBXTargetDependency section */

/* Begin XCBuildConfiguration section */
		15104D351C926B900037FFBD /* Debug */ = {
			isa = XCBuildConfiguration;
			buildSettings = {
				ALWAYS_SEARCH_USER_PATHS = NO;
				CLANG_CXX_LANGUAGE_STANDARD = "gnu++0x";
				CLANG_CXX_LIBRARY = "libc++";
				CLANG_ENABLE_MODULES = YES;
				CLANG_ENABLE_OBJC_ARC = YES;
				CLANG_WARN_BOOL_CONVERSION = YES;
				CLANG_WARN_CONSTANT_CONVERSION = YES;
				CLANG_WARN_DIRECT_OBJC_ISA_USAGE = YES_ERROR;
				CLANG_WARN_EMPTY_BODY = YES;
				CLANG_WARN_ENUM_CONVERSION = YES;
				CLANG_WARN_INT_CONVERSION = YES;
				CLANG_WARN_OBJC_ROOT_CLASS = YES_ERROR;
				CLANG_WARN_UNREACHABLE_CODE = YES;
				CLANG_WARN__DUPLICATE_METHOD_MATCH = YES;
				"CODE_SIGN_IDENTITY[sdk=iphoneos*]" = "iPhone Developer";
				COPY_PHASE_STRIP = NO;
				DEBUG_INFORMATION_FORMAT = dwarf;
				ENABLE_STRICT_OBJC_MSGSEND = YES;
				ENABLE_TESTABILITY = YES;
				GCC_C_LANGUAGE_STANDARD = gnu99;
				GCC_DYNAMIC_NO_PIC = NO;
				GCC_NO_COMMON_BLOCKS = YES;
				GCC_OPTIMIZATION_LEVEL = 0;
				GCC_PREPROCESSOR_DEFINITIONS = (
					"DEBUG=1",
					"$(inherited)",
				);
				GCC_WARN_64_TO_32_BIT_CONVERSION = YES;
				GCC_WARN_ABOUT_RETURN_TYPE = YES_ERROR;
				GCC_WARN_UNDECLARED_SELECTOR = YES;
				GCC_WARN_UNINITIALIZED_AUTOS = YES_AGGRESSIVE;
				GCC_WARN_UNUSED_FUNCTION = YES;
				GCC_WARN_UNUSED_VARIABLE = YES;
				IPHONEOS_DEPLOYMENT_TARGET = 9.2;
				MTL_ENABLE_DEBUG_INFO = YES;
				ONLY_ACTIVE_ARCH = YES;
				SDKROOT = iphoneos;
			};
			name = Debug;
		};
		15104D361C926B900037FFBD /* Release */ = {
			isa = XCBuildConfiguration;
			buildSettings = {
				ALWAYS_SEARCH_USER_PATHS = NO;
				CLANG_CXX_LANGUAGE_STANDARD = "gnu++0x";
				CLANG_CXX_LIBRARY = "libc++";
				CLANG_ENABLE_MODULES = YES;
				CLANG_ENABLE_OBJC_ARC = YES;
				CLANG_WARN_BOOL_CONVERSION = YES;
				CLANG_WARN_CONSTANT_CONVERSION = YES;
				CLANG_WARN_DIRECT_OBJC_ISA_USAGE = YES_ERROR;
				CLANG_WARN_EMPTY_BODY = YES;
				CLANG_WARN_ENUM_CONVERSION = YES;
				CLANG_WARN_INT_CONVERSION = YES;
				CLANG_WARN_OBJC_ROOT_CLASS = YES_ERROR;
				CLANG_WARN_UNREACHABLE_CODE = YES;
				CLANG_WARN__DUPLICATE_METHOD_MATCH = YES;
				"CODE_SIGN_IDENTITY[sdk=iphoneos*]" = "iPhone Developer";
				COPY_PHASE_STRIP = NO;
				DEBUG_INFORMATION_FORMAT = "dwarf-with-dsym";
				ENABLE_NS_ASSERTIONS = NO;
				ENABLE_STRICT_OBJC_MSGSEND = YES;
				GCC_C_LANGUAGE_STANDARD = gnu99;
				GCC_NO_COMMON_BLOCKS = YES;
				GCC_WARN_64_TO_32_BIT_CONVERSION = YES;
				GCC_WARN_ABOUT_RETURN_TYPE = YES_ERROR;
				GCC_WARN_UNDECLARED_SELECTOR = YES;
				GCC_WARN_UNINITIALIZED_AUTOS = YES_AGGRESSIVE;
				GCC_WARN_UNUSED_FUNCTION = YES;
				GCC_WARN_UNUSED_VARIABLE = YES;
				IPHONEOS_DEPLOYMENT_TARGET = 9.2;
				MTL_ENABLE_DEBUG_INFO = NO;
				SDKROOT = iphoneos;
				VALIDATE_PRODUCT = YES;
			};
			name = Release;
		};
		15104D381C926B900037FFBD /* Debug */ = {
			isa = XCBuildConfiguration;
			buildSettings = {
				ASSETCATALOG_COMPILER_APPICON_NAME = AppIcon;
				INFOPLIST_FILE = Order/Info.plist;
				IPHONEOS_DEPLOYMENT_TARGET = 8.0;
				LD_RUNPATH_SEARCH_PATHS = "$(inherited) @executable_path/Frameworks";
				PRODUCT_BUNDLE_IDENTIFIER = com.aladdin.order;
				PRODUCT_NAME = Order;
			};
			name = Debug;
		};
		15104D391C926B900037FFBD /* Release */ = {
			isa = XCBuildConfiguration;
			buildSettings = {
				ASSETCATALOG_COMPILER_APPICON_NAME = AppIcon;
				INFOPLIST_FILE = Order/Info.plist;
				IPHONEOS_DEPLOYMENT_TARGET = 8.0;
				LD_RUNPATH_SEARCH_PATHS = "$(inherited) @executable_path/Frameworks";
				PRODUCT_BUNDLE_IDENTIFIER = com.aladdin.order;
				PRODUCT_NAME = Order;
			};
			name = Release;
		};
		15104D3B1C926B900037FFBD /* Debug */ = {
			isa = XCBuildConfiguration;
			buildSettings = {
				BUNDLE_LOADER = "$(TEST_HOST)";
				INFOPLIST_FILE = StarleaksDemoIOsTests/Info.plist;
				LD_RUNPATH_SEARCH_PATHS = "$(inherited) @executable_path/Frameworks @loader_path/Frameworks";
				PRODUCT_BUNDLE_IDENTIFIER = pe.org.osinergmin.StarleaksDemoIOsTests;
				PRODUCT_NAME = Order;
				TEST_HOST = "$(BUILT_PRODUCTS_DIR)/Order.app/Order";
			};
			name = Debug;
		};
		15104D3C1C926B900037FFBD /* Release */ = {
			isa = XCBuildConfiguration;
			buildSettings = {
				BUNDLE_LOADER = "$(TEST_HOST)";
				INFOPLIST_FILE = StarleaksDemoIOsTests/Info.plist;
				LD_RUNPATH_SEARCH_PATHS = "$(inherited) @executable_path/Frameworks @loader_path/Frameworks";
				PRODUCT_BUNDLE_IDENTIFIER = pe.org.osinergmin.StarleaksDemoIOsTests;
				PRODUCT_NAME = Order;
				TEST_HOST = "$(BUILT_PRODUCTS_DIR)/Order.app/Order";
			};
			name = Release;
		};
		15104D3E1C926B900037FFBD /* Debug */ = {
			isa = XCBuildConfiguration;
			buildSettings = {
				INFOPLIST_FILE = StarleaksDemoIOsUITests/Info.plist;
				LD_RUNPATH_SEARCH_PATHS = "$(inherited) @executable_path/Frameworks @loader_path/Frameworks";
				PRODUCT_BUNDLE_IDENTIFIER = pe.org.osinergmin.StarleaksDemoIOsUITests;
				PRODUCT_NAME = Order;
				TEST_TARGET_NAME = StarleaksDemoIOs;
				USES_XCTRUNNER = YES;
			};
			name = Debug;
		};
		15104D3F1C926B900037FFBD /* Release */ = {
			isa = XCBuildConfiguration;
			buildSettings = {
				INFOPLIST_FILE = StarleaksDemoIOsUITests/Info.plist;
				LD_RUNPATH_SEARCH_PATHS = "$(inherited) @executable_path/Frameworks @loader_path/Frameworks";
				PRODUCT_BUNDLE_IDENTIFIER = pe.org.osinergmin.StarleaksDemoIOsUITests;
				PRODUCT_NAME = Order;
				TEST_TARGET_NAME = StarleaksDemoIOs;
				USES_XCTRUNNER = YES;
			};
			name = Release;
		};
/* End XCBuildConfiguration section */

/* Begin XCConfigurationList section */
		15104D051C926B900037FFBD /* Build configuration list for PBXProject "Order" */ = {
			isa = XCConfigurationList;
			buildConfigurations = (
				15104D351C926B900037FFBD /* Debug */,
				15104D361C926B900037FFBD /* Release */,
			);
			defaultConfigurationIsVisible = 0;
			defaultConfigurationName = Release;
		};
		15104D371C926B900037FFBD /* Build configuration list for PBXNativeTarget "Order" */ = {
			isa = XCConfigurationList;
			buildConfigurations = (
				15104D381C926B900037FFBD /* Debug */,
				15104D391C926B900037FFBD /* Release */,
			);
			defaultConfigurationIsVisible = 0;
			defaultConfigurationName = Release;
		};
		15104D3A1C926B900037FFBD /* Build configuration list for PBXNativeTarget "OrderTests" */ = {
			isa = XCConfigurationList;
			buildConfigurations = (
				15104D3B1C926B900037FFBD /* Debug */,
				15104D3C1C926B900037FFBD /* Release */,
			);
			defaultConfigurationIsVisible = 0;
			defaultConfigurationName = Release;
		};
		15104D3D1C926B900037FFBD /* Build configuration list for PBXNativeTarget "OrderUITests" */ = {
			isa = XCConfigurationList;
			buildConfigurations = (
				15104D3E1C926B900037FFBD /* Debug */,
				15104D3F1C926B900037FFBD /* Release */,
			);
			defaultConfigurationIsVisible = 0;
			defaultConfigurationName = Release;
		};
/* End XCConfigurationList section */
	};
	rootObject = 15104D021C926B900037FFBD /* Project object */;
}
